
Microsoft Visual Studio Solution File, Format Version 12.00
# Visual Studio Version 17
VisualStudioVersion = 17.2.32519.379
MinimumVisualStudioVersion = 10.0.40219.1
Project("{9A19103F-16F7-4668-BE54-9A1E7A4F7556}") = "SE_GeometryObserver", "SE_GeometryObserver\SE_GeometryObserver.csproj", "{431FFB35-FBC6-48F3-8B4E-2FDAAB4D0391}"
EndProject
Project("{9A19103F-16F7-4668-BE54-9A1E7A4F7556}") = "SE_GeometryObserver.Tests", "SE_GeometryObserver.Tests\SE_GeometryObserver.Tests.csproj", "{32257E6C-0A6D-477A-AA91-7CAF098DBD7B}"
EndProject
Project("{9A19103F-16F7-4668-BE54-9A1E7A4F7556}") = "SE_GeometryObserver.Interfaces", "SE_GeometryObserver.Interfaces\SE_GeometryObserver.Interfaces.csproj", "{27589996-A2C8-425E-A56E-F2DA9E317F56}"
EndProject
Project("{9A19103F-16F7-4668-BE54-9A1E7A4F7556}") = "SE_GeometryObserver.Entities", "SE_GeometryObserver.Entities\SE_GeometryObserver.Entities.csproj", "{8591C824-8CD8-4EDA-BA83-90DF59AB940E}"
EndProject
Project("{FAE04EC0-301F-11D3-BF4B-00C04F79EFBC}") = "SE_GeometryObserver.Service", "SE_GeometryObserver.Service\SE_GeometryObserver.Service.csproj", "{1AE73522-D53F-4943-BC9E-85887254324A}"
EndProject
Global
	GlobalSection(SolutionConfigurationPlatforms) = preSolution
		Debug|Any CPU = Debug|Any CPU
		Release|Any CPU = Release|Any CPU
	EndGlobalSection
	GlobalSection(ProjectConfigurationPlatforms) = postSolution
		{431FFB35-FBC6-48F3-8B4E-2FDAAB4D0391}.Debug|Any CPU.ActiveCfg = Debug|Any CPU
		{431FFB35-FBC6-48F3-8B4E-2FDAAB4D0391}.Debug|Any CPU.Build.0 = Debug|Any CPU
		{431FFB35-FBC6-48F3-8B4E-2FDAAB4D0391}.Release|Any CPU.ActiveCfg = Release|Any CPU
		{431FFB35-FBC6-48F3-8B4E-2FDAAB4D0391}.Release|Any CPU.Build.0 = Release|Any CPU
		{32257E6C-0A6D-477A-AA91-7CAF098DBD7B}.Debug|Any CPU.ActiveCfg = Debug|Any CPU
		{32257E6C-0A6D-477A-AA91-7CAF098DBD7B}.Debug|Any CPU.Build.0 = Debug|Any CPU
		{32257E6C-0A6D-477A-AA91-7CAF098DBD7B}.Release|Any CPU.ActiveCfg = Release|Any CPU
		{32257E6C-0A6D-477A-AA91-7CAF098DBD7B}.Release|Any CPU.Build.0 = Release|Any CPU
		{27589996-A2C8-425E-A56E-F2DA9E317F56}.Debug|Any CPU.ActiveCfg = Debug|Any CPU
		{27589996-A2C8-425E-A56E-F2DA9E317F56}.Debug|Any CPU.Build.0 = Debug|Any CPU
		{27589996-A2C8-425E-A56E-F2DA9E317F56}.Release|Any CPU.ActiveCfg = Release|Any CPU
		{27589996-A2C8-425E-A56E-F2DA9E317F56}.Release|Any CPU.Build.0 = Release|Any CPU
		{8591C824-8CD8-4EDA-BA83-90DF59AB940E}.Debug|Any CPU.ActiveCfg = Debug|Any CPU
		{8591C824-8CD8-4EDA-BA83-90DF59AB940E}.Debug|Any CPU.Build.0 = Debug|Any CPU
		{8591C824-8CD8-4EDA-BA83-90DF59AB940E}.Release|Any CPU.ActiveCfg = Release|Any CPU
		{8591C824-8CD8-4EDA-BA83-90DF59AB940E}.Release|Any CPU.Build.0 = Release|Any CPU
		{1AE73522-D53F-4943-BC9E-85887254324A}.Debug|Any CPU.ActiveCfg = Debug|Any CPU
		{1AE73522-D53F-4943-BC9E-85887254324A}.Debug|Any CPU.Build.0 = Debug|Any CPU
		{1AE73522-D53F-4943-BC9E-85887254324A}.Release|Any CPU.ActiveCfg = Release|Any CPU
		{1AE73522-D53F-4943-BC9E-85887254324A}.Release|Any CPU.Build.0 = Release|Any CPU
	EndGlobalSection
	GlobalSection(SolutionProperties) = preSolution
		HideSolutionNode = FALSE
	EndGlobalSection
	GlobalSection(ExtensibilityGlobals) = postSolution
		SolutionGuid = {30916F72-B28B-4AD2-A2FF-FED864393399}
	EndGlobalSection
EndGlobal
